Microsoft Visual Studio Solution File, Format Version 12.00
# Visual Studio Version 17
VisualStudioVersion = 17.5.2.0
MinimumVisualStudioVersion = 10.0.40219.1
Project("{2150E333-8FDC-42A3-9474-1A3956D46DE8}") = "backend", "backend", "{1AE8ACA6-933B-BF2A-3671-3E2EAC007D16}"
EndProject
Project("{2150E333-8FDC-42A3-9474-1A3956D46DE8}") = "sam-installation", "sam-installation", "{ACCDF8D7-7D4C-3FA3-2E09-96F051E5F256}"
EndProject
Project("{2150E333-8FDC-42A3-9474-1A3956D46DE8}") = "aws-sam-cli-src", "aws-sam-cli-src", "{485CD924-7D49-4A4D-1482-5D6C8E54B7A0}"
EndProject
Project("{2150E333-8FDC-42A3-9474-1A3956D46DE8}") = "samcli", "samcli", "{54120FAC-2C9D-77C3-227C-6BBCB4BC5165}"
EndProject
Project("{2150E333-8FDC-42A3-9474-1A3956D46DE8}") = "lib", "lib", "{B2060370-4031-62F9-CCAC-C342121B9457}"
EndProject
Project("{2150E333-8FDC-42A3-9474-1A3956D46DE8}") = "init", "init", "{6868822F-A39F-E739-D8E7-6F0A55FABBB8}"
EndProject
Project("{2150E333-8FDC-42A3-9474-1A3956D46DE8}") = "templates", "templates", "{D901EFFD-DFDD-C4BA-4857-055488364DCC}"
EndProject
Project("{2150E333-8FDC-42A3-9474-1A3956D46DE8}") = "cookiecutter-aws-sam-hello-dotnet", "cookiecutter-aws-sam-hello-dotnet", "{C5A41232-C1C5-E5BC-0757-4BD4B57B5FDF}"
EndProject
Project("{2150E333-8FDC-42A3-9474-1A3956D46DE8}") = "{{cookiecutter.project_name}}", "{{cookiecutter.project_name}}", "{FFF0EBE2-4DDE-5E19-401B-9234E77ACCC5}"
EndProject
Project("{2150E333-8FDC-42A3-9474-1A3956D46DE8}") = "src", "src", "{B80DF350-DBBF-E708-395C-81060A4FF57C}"
EndProject
Project("{FAE04EC0-301F-11D3-BF4B-00C04F79EFBC}") = "HelloWorld", "backend\sam-installation\aws-sam-cli-src\samcli\lib\init\templates\cookiecutter-aws-sam-hello-dotnet\{{cookiecutter.project_name}}\src\HelloWorld\HelloWorld.csproj", "{20E22444-CC67-6FEC-E289-13F1D10FFE49}"
EndProject
Project("{2150E333-8FDC-42A3-9474-1A3956D46DE8}") = "test", "test", "{5228CDDC-0BA4-7F2C-86DA-77E02BDB6C57}"
EndProject
Project("{FAE04EC0-301F-11D3-BF4B-00C04F79EFBC}") = "HelloWorld.Tests", "backend\sam-installation\aws-sam-cli-src\samcli\lib\init\templates\cookiecutter-aws-sam-hello-dotnet\{{cookiecutter.project_name}}\test\HelloWorld.Test\HelloWorld.Tests.csproj", "{41DEB24B-9F77-5B8D-7EF3-CFEE38F4DCAE}"
EndProject
Project("{2150E333-8FDC-42A3-9474-1A3956D46DE8}") = "dist", "dist", "{24E368B2-620D-0A67-9E31-2CA013010EB9}"
EndProject
Project("{2150E333-8FDC-42A3-9474-1A3956D46DE8}") = "_internal", "_internal", "{BDA7A46B-6D50-EC76-4F7C-DEEAB94C9F58}"
EndProject
Project("{2150E333-8FDC-42A3-9474-1A3956D46DE8}") = "samcli", "samcli", "{DC0D7B12-C3FF-8488-FD79-50003A6DC4F3}"
EndProject
Project("{2150E333-8FDC-42A3-9474-1A3956D46DE8}") = "lib", "lib", "{A9087B1A-9041-F115-FBCD-CEC30F44B63A}"
EndProject
Project("{2150E333-8FDC-42A3-9474-1A3956D46DE8}") = "init", "init", "{C178E516-AE56-A3D0-0663-D3255BA54E1C}"
EndProject
Project("{2150E333-8FDC-42A3-9474-1A3956D46DE8}") = "templates", "templates", "{EA512E9F-BED2-B9EE-A8EE-C6E9332E8C87}"
EndProject
Project("{2150E333-8FDC-42A3-9474-1A3956D46DE8}") = "cookiecutter-aws-sam-hello-dotnet", "cookiecutter-aws-sam-hello-dotnet", "{ADD53D4D-4BFE-9544-1BA5-0A9D9BFE629D}"
EndProject
Project("{2150E333-8FDC-42A3-9474-1A3956D46DE8}") = "{{cookiecutter.project_name}}", "{{cookiecutter.project_name}}", "{0D78AA36-2CAC-31E6-9C96-2F735417F08D}"
EndProject
Project("{2150E333-8FDC-42A3-9474-1A3956D46DE8}") = "src", "src", "{244C2139-868D-D80B-CF0E-CD049BA22E35}"
EndProject
Project("{FAE04EC0-301F-11D3-BF4B-00C04F79EFBC}") = "HelloWorld", "backend\sam-installation\dist\_internal\samcli\lib\init\templates\cookiecutter-aws-sam-hello-dotnet\{{cookiecutter.project_name}}\src\HelloWorld\HelloWorld.csproj", "{DA5B1AFA-1F97-702F-B528-210BDE81888A}"
EndProject
Project("{2150E333-8FDC-42A3-9474-1A3956D46DE8}") = "test", "test", "{F7F9AD1D-F124-CA6B-0970-F2AF6AB2498B}"
EndProject
Project("{FAE04EC0-301F-11D3-BF4B-00C04F79EFBC}") = "HelloWorld.Tests", "backend\sam-installation\dist\_internal\samcli\lib\init\templates\cookiecutter-aws-sam-hello-dotnet\{{cookiecutter.project_name}}\test\HelloWorld.Test\HelloWorld.Tests.csproj", "{89A01AC7-F78D-6CFE-1055-9EC4805F6BF6}"
EndProject
Global
	GlobalSection(SolutionConfigurationPlatforms) = preSolution
		Debug|Any CPU = Debug|Any CPU
		Release|Any CPU = Release|Any CPU
	EndGlobalSection
	GlobalSection(ProjectConfigurationPlatforms) = postSolution
		{20E22444-CC67-6FEC-E289-13F1D10FFE49}.Debug|Any CPU.ActiveCfg = Debug|Any CPU
		{20E22444-CC67-6FEC-E289-13F1D10FFE49}.Debug|Any CPU.Build.0 = Debug|Any CPU
		{20E22444-CC67-6FEC-E289-13F1D10FFE49}.Release|Any CPU.ActiveCfg = Release|Any CPU
		{20E22444-CC67-6FEC-E289-13F1D10FFE49}.Release|Any CPU.Build.0 = Release|Any CPU
		{41DEB24B-9F77-5B8D-7EF3-CFEE38F4DCAE}.Debug|Any CPU.ActiveCfg = Debug|Any CPU
		{41DEB24B-9F77-5B8D-7EF3-CFEE38F4DCAE}.Debug|Any CPU.Build.0 = Debug|Any CPU
		{41DEB24B-9F77-5B8D-7EF3-CFEE38F4DCAE}.Release|Any CPU.ActiveCfg = Release|Any CPU
		{41DEB24B-9F77-5B8D-7EF3-CFEE38F4DCAE}.Release|Any CPU.Build.0 = Release|Any CPU
		{DA5B1AFA-1F97-702F-B528-210BDE81888A}.Debug|Any CPU.ActiveCfg = Debug|Any CPU
		{DA5B1AFA-1F97-702F-B528-210BDE81888A}.Debug|Any CPU.Build.0 = Debug|Any CPU
		{DA5B1AFA-1F97-702F-B528-210BDE81888A}.Release|Any CPU.ActiveCfg = Release|Any CPU
		{DA5B1AFA-1F97-702F-B528-210BDE81888A}.Release|Any CPU.Build.0 = Release|Any CPU
		{89A01AC7-F78D-6CFE-1055-9EC4805F6BF6}.Debug|Any CPU.ActiveCfg = Debug|Any CPU
		{89A01AC7-F78D-6CFE-1055-9EC4805F6BF6}.Debug|Any CPU.Build.0 = Debug|Any CPU
		{89A01AC7-F78D-6CFE-1055-9EC4805F6BF6}.Release|Any CPU.ActiveCfg = Release|Any CPU
		{89A01AC7-F78D-6CFE-1055-9EC4805F6BF6}.Release|Any CPU.Build.0 = Release|Any CPU
	EndGlobalSection
	GlobalSection(SolutionProperties) = preSolution
		HideSolutionNode = FALSE
	EndGlobalSection
	GlobalSection(NestedProjects) = preSolution
		{ACCDF8D7-7D4C-3FA3-2E09-96F051E5F256} = {1AE8ACA6-933B-BF2A-3671-3E2EAC007D16}
		{485CD924-7D49-4A4D-1482-5D6C8E54B7A0} = {ACCDF8D7-7D4C-3FA3-2E09-96F051E5F256}
		{54120FAC-2C9D-77C3-227C-6BBCB4BC5165} = {485CD924-7D49-4A4D-1482-5D6C8E54B7A0}
		{B2060370-4031-62F9-CCAC-C342121B9457} = {54120FAC-2C9D-77C3-227C-6BBCB4BC5165}
		{6868822F-A39F-E739-D8E7-6F0A55FABBB8} = {B2060370-4031-62F9-CCAC-C342121B9457}
		{D901EFFD-DFDD-C4BA-4857-055488364DCC} = {6868822F-A39F-E739-D8E7-6F0A55FABBB8}
		{C5A41232-C1C5-E5BC-0757-4BD4B57B5FDF} = {D901EFFD-DFDD-C4BA-4857-055488364DCC}
		{FFF0EBE2-4DDE-5E19-401B-9234E77ACCC5} = {C5A41232-C1C5-E5BC-0757-4BD4B57B5FDF}
		{B80DF350-DBBF-E708-395C-81060A4FF57C} = {FFF0EBE2-4DDE-5E19-401B-9234E77ACCC5}
		{20E22444-CC67-6FEC-E289-13F1D10FFE49} = {B80DF350-DBBF-E708-395C-81060A4FF57C}
		{5228CDDC-0BA4-7F2C-86DA-77E02BDB6C57} = {FFF0EBE2-4DDE-5E19-401B-9234E77ACCC5}
		{41DEB24B-9F77-5B8D-7EF3-CFEE38F4DCAE} = {5228CDDC-0BA4-7F2C-86DA-77E02BDB6C57}
		{24E368B2-620D-0A67-9E31-2CA013010EB9} = {ACCDF8D7-7D4C-3FA3-2E09-96F051E5F256}
		{BDA7A46B-6D50-EC76-4F7C-DEEAB94C9F58} = {24E368B2-620D-0A67-9E31-2CA013010EB9}
		{DC0D7B12-C3FF-8488-FD79-50003A6DC4F3} = {BDA7A46B-6D50-EC76-4F7C-DEEAB94C9F58}
		{A9087B1A-9041-F115-FBCD-CEC30F44B63A} = {DC0D7B12-C3FF-8488-FD79-50003A6DC4F3}
		{C178E516-AE56-A3D0-0663-D3255BA54E1C} = {A9087B1A-9041-F115-FBCD-CEC30F44B63A}
		{EA512E9F-BED2-B9EE-A8EE-C6E9332E8C87} = {C178E516-AE56-A3D0-0663-D3255BA54E1C}
		{ADD53D4D-4BFE-9544-1BA5-0A9D9BFE629D} = {EA512E9F-BED2-B9EE-A8EE-C6E9332E8C87}
		{0D78AA36-2CAC-31E6-9C96-2F735417F08D} = {ADD53D4D-4BFE-9544-1BA5-0A9D9BFE629D}
		{244C2139-868D-D80B-CF0E-CD049BA22E35} = {0D78AA36-2CAC-31E6-9C96-2F735417F08D}
		{DA5B1AFA-1F97-702F-B528-210BDE81888A} = {244C2139-868D-D80B-CF0E-CD049BA22E35}
		{F7F9AD1D-F124-CA6B-0970-F2AF6AB2498B} = {0D78AA36-2CAC-31E6-9C96-2F735417F08D}
		{89A01AC7-F78D-6CFE-1055-9EC4805F6BF6} = {F7F9AD1D-F124-CA6B-0970-F2AF6AB2498B}
	EndGlobalSection
	GlobalSection(ExtensibilityGlobals) = postSolution
		SolutionGuid = {E8F7F955-5808-47D2-BB28-4950E6575532}
	EndGlobalSection
EndGlobal
